
Microsoft Visual Studio Solution File, Format Version 12.00
# Visual Studio Version 16
VisualStudioVersion = 16.0.29728.190
MinimumVisualStudioVersion = 10.0.40219.1
Project("{FAE04EC0-301F-11D3-BF4B-00C04F79EFBC}") = "Web.Payment", "Web.Payment\Web.Payment.csproj", "{B0D896A6-B6BA-4017-807C-910CA1276031}"
EndProject
Project("{FAE04EC0-301F-11D3-BF4B-00C04F79EFBC}") = "Web.Payment.UnitTest", "Web.Payment.UnitTest\Web.Payment.UnitTest.csproj", "{EC548577-BC15-4A32-BB0C-24EAF50E6FF3}"
EndProject
Global
	GlobalSection(SolutionConfigurationPlatforms) = preSolution
		Debug|Any CPU = Debug|Any CPU
		Release|Any CPU = Release|Any CPU
	EndGlobalSection
	GlobalSection(ProjectConfigurationPlatforms) = postSolution
		{B0D896A6-B6BA-4017-807C-910CA1276031}.Debug|Any CPU.ActiveCfg = Debug|Any CPU
		{B0D896A6-B6BA-4017-807C-910CA1276031}.Debug|Any CPU.Build.0 = Debug|Any CPU
		{B0D896A6-B6BA-4017-807C-910CA1276031}.Release|Any CPU.ActiveCfg = Release|Any CPU
		{B0D896A6-B6BA-4017-807C-910CA1276031}.Release|Any CPU.Build.0 = Release|Any CPU
		{EC548577-BC15-4A32-BB0C-24EAF50E6FF3}.Debug|Any CPU.ActiveCfg = Debug|Any CPU
		{EC548577-BC15-4A32-BB0C-24EAF50E6FF3}.Debug|Any CPU.Build.0 = Debug|Any CPU
		{EC548577-BC15-4A32-BB0C-24EAF50E6FF3}.Release|Any CPU.ActiveCfg = Release|Any CPU
		{EC548577-BC15-4A32-BB0C-24EAF50E6FF3}.Release|Any CPU.Build.0 = Release|Any CPU
	EndGlobalSection
	GlobalSection(SolutionProperties) = preSolution
		HideSolutionNode = FALSE
	EndGlobalSection
	GlobalSection(ExtensibilityGlobals) = postSolution
		SolutionGuid = {CD0817EF-1856-4288-9AC3-246CFECCC273}
	EndGlobalSection
EndGlobal
